
Microsoft Visual Studio Solution File, Format Version 12.00
# Visual Studio 15
VisualStudioVersion = 15.0.27703.2000
MinimumVisualStudioVersion = 10.0.40219.1
Project("{2150E333-8FDC-42A3-9474-1A3956D46DE8}") = "WebAPI", "WebAPI", "{E48CD3BB-B8B6-4AA2-B0F8-49AA7AC7C446}"
EndProject
Project("{2150E333-8FDC-42A3-9474-1A3956D46DE8}") = "Libraries", "Libraries", "{C39A467C-DB5F-4F79-B576-4761987234BD}"
EndProject
Project("{9A19103F-16F7-4668-BE54-9A1E7A4F7556}") = "iForumAPI", "iForumAPI\iForumAPI.csproj", "{0CE53553-1B66-4D04-8BA8-B09D2FFDFD00}"
EndProject
Project("{2150E333-8FDC-42A3-9474-1A3956D46DE8}") = "Clients", "Clients", "{860ADC0C-641B-46FC-BA6A-ED23000FCF97}"
EndProject
Project("{2150E333-8FDC-42A3-9474-1A3956D46DE8}") = "Angular", "Angular", "{906000AB-0BC6-4B39-8754-A87EC099CFD1}"
EndProject
Project("{9A19103F-16F7-4668-BE54-9A1E7A4F7556}") = "iForumEntities", "iForumEntities\iForumEntities.csproj", "{A62BE44C-77E8-4EAC-B65B-374C859A0BDF}"
EndProject
Project("{2150E333-8FDC-42A3-9474-1A3956D46DE8}") = "iInfrastructure", "iInfrastructure", "{807DE5E3-07E6-43A6-99BC-25AC75606268}"
EndProject
Project("{2150E333-8FDC-42A3-9474-1A3956D46DE8}") = "DataAccess", "DataAccess", "{8C4747E6-845A-4CA0-84E1-3A2D2D2BB095}"
EndProject
Project("{2150E333-8FDC-42A3-9474-1A3956D46DE8}") = "iForum", "iForum", "{5092A740-6B91-4AB4-82F7-01450DD041D0}"
EndProject
Project("{2150E333-8FDC-42A3-9474-1A3956D46DE8}") = "iIdentityServer", "iIdentityServer", "{3D540D2B-650A-42AD-9971-3D09E0D870ED}"
EndProject
Project("{FAE04EC0-301F-11D3-BF4B-00C04F79EFBC}") = "iIdentityServerAPI", "iIdentityServerAPI\iIdentityServerAPI.csproj", "{D0378E5F-0665-49D7-BEE5-2FED0E3B82D8}"
EndProject
Project("{FAE04EC0-301F-11D3-BF4B-00C04F79EFBC}") = "iForumAccess", "iForumAccess\iForumAccess.csproj", "{02153BDE-7A76-490C-805B-C637151E3611}"
EndProject
Project("{FAE04EC0-301F-11D3-BF4B-00C04F79EFBC}") = "iInfrasturcture", "iInfrasturcture\iInfrasturcture.csproj", "{2FEE2CBE-8D92-42AA-95A9-2A1C4D74B541}"
EndProject
Global
	GlobalSection(SolutionConfigurationPlatforms) = preSolution
		Debug|Any CPU = Debug|Any CPU
		Release|Any CPU = Release|Any CPU
	EndGlobalSection
	GlobalSection(ProjectConfigurationPlatforms) = postSolution
		{0CE53553-1B66-4D04-8BA8-B09D2FFDFD00}.Debug|Any CPU.ActiveCfg = Debug|Any CPU
		{0CE53553-1B66-4D04-8BA8-B09D2FFDFD00}.Debug|Any CPU.Build.0 = Debug|Any CPU
		{0CE53553-1B66-4D04-8BA8-B09D2FFDFD00}.Release|Any CPU.ActiveCfg = Release|Any CPU
		{0CE53553-1B66-4D04-8BA8-B09D2FFDFD00}.Release|Any CPU.Build.0 = Release|Any CPU
		{A62BE44C-77E8-4EAC-B65B-374C859A0BDF}.Debug|Any CPU.ActiveCfg = Debug|Any CPU
		{A62BE44C-77E8-4EAC-B65B-374C859A0BDF}.Debug|Any CPU.Build.0 = Debug|Any CPU
		{A62BE44C-77E8-4EAC-B65B-374C859A0BDF}.Release|Any CPU.ActiveCfg = Release|Any CPU
		{A62BE44C-77E8-4EAC-B65B-374C859A0BDF}.Release|Any CPU.Build.0 = Release|Any CPU
		{D0378E5F-0665-49D7-BEE5-2FED0E3B82D8}.Debug|Any CPU.ActiveCfg = Debug|Any CPU
		{D0378E5F-0665-49D7-BEE5-2FED0E3B82D8}.Debug|Any CPU.Build.0 = Debug|Any CPU
		{D0378E5F-0665-49D7-BEE5-2FED0E3B82D8}.Release|Any CPU.ActiveCfg = Release|Any CPU
		{D0378E5F-0665-49D7-BEE5-2FED0E3B82D8}.Release|Any CPU.Build.0 = Release|Any CPU
		{02153BDE-7A76-490C-805B-C637151E3611}.Debug|Any CPU.ActiveCfg = Debug|Any CPU
		{02153BDE-7A76-490C-805B-C637151E3611}.Debug|Any CPU.Build.0 = Debug|Any CPU
		{02153BDE-7A76-490C-805B-C637151E3611}.Release|Any CPU.ActiveCfg = Release|Any CPU
		{02153BDE-7A76-490C-805B-C637151E3611}.Release|Any CPU.Build.0 = Release|Any CPU
		{2FEE2CBE-8D92-42AA-95A9-2A1C4D74B541}.Debug|Any CPU.ActiveCfg = Debug|Any CPU
		{2FEE2CBE-8D92-42AA-95A9-2A1C4D74B541}.Debug|Any CPU.Build.0 = Debug|Any CPU
		{2FEE2CBE-8D92-42AA-95A9-2A1C4D74B541}.Release|Any CPU.ActiveCfg = Release|Any CPU
		{2FEE2CBE-8D92-42AA-95A9-2A1C4D74B541}.Release|Any CPU.Build.0 = Release|Any CPU
	EndGlobalSection
	GlobalSection(SolutionProperties) = preSolution
		HideSolutionNode = FALSE
	EndGlobalSection
	GlobalSection(NestedProjects) = preSolution
		{0CE53553-1B66-4D04-8BA8-B09D2FFDFD00} = {5092A740-6B91-4AB4-82F7-01450DD041D0}
		{906000AB-0BC6-4B39-8754-A87EC099CFD1} = {860ADC0C-641B-46FC-BA6A-ED23000FCF97}
		{A62BE44C-77E8-4EAC-B65B-374C859A0BDF} = {C39A467C-DB5F-4F79-B576-4761987234BD}
		{5092A740-6B91-4AB4-82F7-01450DD041D0} = {E48CD3BB-B8B6-4AA2-B0F8-49AA7AC7C446}
		{3D540D2B-650A-42AD-9971-3D09E0D870ED} = {E48CD3BB-B8B6-4AA2-B0F8-49AA7AC7C446}
		{D0378E5F-0665-49D7-BEE5-2FED0E3B82D8} = {3D540D2B-650A-42AD-9971-3D09E0D870ED}
		{02153BDE-7A76-490C-805B-C637151E3611} = {8C4747E6-845A-4CA0-84E1-3A2D2D2BB095}
		{2FEE2CBE-8D92-42AA-95A9-2A1C4D74B541} = {807DE5E3-07E6-43A6-99BC-25AC75606268}
	EndGlobalSection
	GlobalSection(ExtensibilityGlobals) = postSolution
		SolutionGuid = {582714F9-673B-4A0E-9F75-E0E166E1AF2C}
	EndGlobalSection
EndGlobal
